// !$*UTF8*$!
{
	archiveVersion = 1;
	classes = {
	};
	objectVersion = 46;
	objects = {

/* Begin PBXBuildFile section */
		2B1157C21EFFEE3D0049FE79 /* AppDelegate.m in Sources */ = {isa = PBXBuildFile; fileRef = 2B1157B71EFFEE3D0049FE79 /* AppDelegate.m */; };
		2B1157C31EFFEE3D0049FE79 /* Assets.xcassets in Resources */ = {isa = PBXBuildFile; fileRef = 2B1157B81EFFEE3D0049FE79 /* Assets.xcassets */; };
		2B1157C41EFFEE3D0049FE79 /* LaunchScreen.storyboard in Resources */ = {isa = PBXBuildFile; fileRef = 2B1157B91EFFEE3D0049FE79 /* LaunchScreen.storyboard */; };
		2B1157C81EFFEE3D0049FE79 /* ListVC.m in Sources */ = {isa = PBXBuildFile; fileRef = 2B1157BF1EFFEE3D0049FE79 /* ListVC.m */; };
		2B1157C91EFFEE3D0049FE79 /* main.m in Sources */ = {isa = PBXBuildFile; fileRef = 2B1157C01EFFEE3D0049FE79 /* main.m */; };
		2B1157CA1EFFEE3D0049FE79 /* stock_data.json in Resources */ = {isa = PBXBuildFile; fileRef = 2B1157C11EFFEE3D0049FE79 /* stock_data.json */; };
		2B20CC041EEADC7900D4F7F2 /* IOBarChartViewController.m in Sources */ = {isa = PBXBuildFile; fileRef = 2B20CC031EEADC7900D4F7F2 /* IOBarChartViewController.m */; };
		2B20CC071EEAE79900D4F7F2 /* LineBarChartViewController.m in Sources */ = {isa = PBXBuildFile; fileRef = 2B20CC061EEAE79900D4F7F2 /* LineBarChartViewController.m */; };
		2B252B7F1EFBB52500AF541B /* CALayer+GGFrame.m in Sources */ = {isa = PBXBuildFile; fileRef = 2B252B7E1EFBB52500AF541B /* CALayer+GGFrame.m */; };
		2B252B821EFBBD5D00AF541B /* DLineScaler.m in Sources */ = {isa = PBXBuildFile; fileRef = 2B252B811EFBBD5D00AF541B /* DLineScaler.m */; };
		2B252B851EFBC19B00AF541B /* DBarScaler.m in Sources */ = {isa = PBXBuildFile; fileRef = 2B252B841EFBC19B00AF541B /* DBarScaler.m */; };
		2B330A621EE44F19003D17C4 /* GGAxisRenderer.m in Sources */ = {isa = PBXBuildFile; fileRef = 2B330A511EE44F19003D17C4 /* GGAxisRenderer.m */; };
		2B330A641EE44F19003D17C4 /* GGCircleRenderer.m in Sources */ = {isa = PBXBuildFile; fileRef = 2B330A561EE44F19003D17C4 /* GGCircleRenderer.m */; };
		2B330A651EE44F19003D17C4 /* GGGridRenderer.m in Sources */ = {isa = PBXBuildFile; fileRef = 2B330A581EE44F19003D17C4 /* GGGridRenderer.m */; };
		2B330A661EE44F19003D17C4 /* GGLineRenderer.m in Sources */ = {isa = PBXBuildFile; fileRef = 2B330A5A1EE44F19003D17C4 /* GGLineRenderer.m */; };
		2B330A671EE44F19003D17C4 /* GGStringRenderer.m in Sources */ = {isa = PBXBuildFile; fileRef = 2B330A5D1EE44F19003D17C4 /* GGStringRenderer.m */; };
		2B3CB0C71EE6EAF700472774 /* UICountingLabel.m in Sources */ = {isa = PBXBuildFile; fileRef = 2B3CB0C61EE6EAF700472774 /* UICountingLabel.m */; };
		2B5DE6261F00B2BB00B40676 /* BaseStockChart.m in Sources */ = {isa = PBXBuildFile; fileRef = 2B5DE6251F00B2BB00B40676 /* BaseStockChart.m */; };
		2B5DE6291F00B33D00B40676 /* TimeChart.m in Sources */ = {isa = PBXBuildFile; fileRef = 2B5DE6281F00B33D00B40676 /* TimeChart.m */; };
		2B5DE62B1F00B44600B40676 /* time_chart_data.json in Resources */ = {isa = PBXBuildFile; fileRef = 2B5DE62A1F00B44600B40676 /* time_chart_data.json */; };
		2B5DE62F1F00B77C00B40676 /* NSArray+Stock.m in Sources */ = {isa = PBXBuildFile; fileRef = 2B5DE62E1F00B77C00B40676 /* NSArray+Stock.m */; };
		2B5DE6321F00BB9800B40676 /* KTimeViewController.m in Sources */ = {isa = PBXBuildFile; fileRef = 2B5DE6311F00BB9800B40676 /* KTimeViewController.m */; };
		2B5DE6351F00BD0100B40676 /* BaseModel.m in Sources */ = {isa = PBXBuildFile; fileRef = 2B5DE6341F00BD0100B40676 /* BaseModel.m */; };
		2B63AEDF1F01EB130043E7DA /* BaseLineData.m in Sources */ = {isa = PBXBuildFile; fileRef = 2B63AEDE1F01EB130043E7DA /* BaseLineData.m */; };
		2B63AEED1F033F270043E7DA /* LineData.m in Sources */ = {isa = PBXBuildFile; fileRef = 2B63AEEC1F033F270043E7DA /* LineData.m */; };
		2B63AEF11F033FB00043E7DA /* BarData.m in Sources */ = {isa = PBXBuildFile; fileRef = 2B63AEF01F033FB00043E7DA /* BarData.m */; };
		2B6F1A5C1EE6432C0075EB59 /* PNBarChart.m in Sources */ = {isa = PBXBuildFile; fileRef = 2B6F1A5B1EE6432C0075EB59 /* PNBarChart.m */; };
		2B6FB64C1EE92D3000D95EA6 /* BaseChart.m in Sources */ = {isa = PBXBuildFile; fileRef = 2B6FB64B1EE92D3000D95EA6 /* BaseChart.m */; };
		2B77684D1EFD213900A31999 /* BaseCountChart.m in Sources */ = {isa = PBXBuildFile; fileRef = 2B77684C1EFD213900A31999 /* BaseCountChart.m */; };
		2B77685B1EFF461D00A31999 /* BarChartData.m in Sources */ = {isa = PBXBuildFile; fileRef = 2B7768501EFF461D00A31999 /* BarChartData.m */; };
		2B77685C1EFF461D00A31999 /* BaseChartData.m in Sources */ = {isa = PBXBuildFile; fileRef = 2B7768521EFF461D00A31999 /* BaseChartData.m */; };
		2B77685D1EFF461D00A31999 /* LineChartData.m in Sources */ = {isa = PBXBuildFile; fileRef = 2B7768541EFF461D00A31999 /* LineChartData.m */; };
		2B77685E1EFF461D00A31999 /* MassChartData.m in Sources */ = {isa = PBXBuildFile; fileRef = 2B7768561EFF461D00A31999 /* MassChartData.m */; };
		2B77685F1EFF461D00A31999 /* PieChartData.m in Sources */ = {isa = PBXBuildFile; fileRef = 2B7768581EFF461D00A31999 /* PieChartData.m */; };
		2B7768601EFF461D00A31999 /* PNBarData.m in Sources */ = {isa = PBXBuildFile; fileRef = 2B77685A1EFF461D00A31999 /* PNBarData.m */; };
		2B7768651EFF4B0E00A31999 /* BaseBarData.m in Sources */ = {isa = PBXBuildFile; fileRef = 2B7768641EFF4B0E00A31999 /* BaseBarData.m */; };
		2B7768681EFF7EFE00A31999 /* ChartBaseEvent.m in Sources */ = {isa = PBXBuildFile; fileRef = 2B7768671EFF7EFE00A31999 /* ChartBaseEvent.m */; };
		2B7777A01EE7C86D00C99F55 /* LineBarChart.m in Sources */ = {isa = PBXBuildFile; fileRef = 2B77779F1EE7C86D00C99F55 /* LineBarChart.m */; };
		2B7777AC1EE8272400C99F55 /* GGCanvas.m in Sources */ = {isa = PBXBuildFile; fileRef = 2B7777A91EE8272400C99F55 /* GGCanvas.m */; };
		2B7777AD1EE8272400C99F55 /* GGShapeCanvas.m in Sources */ = {isa = PBXBuildFile; fileRef = 2B7777AB1EE8272400C99F55 /* GGShapeCanvas.m */; };
		2B7777B21EE828EF00C99F55 /* CGPathCategory.m in Sources */ = {isa = PBXBuildFile; fileRef = 2B7777B01EE828EF00C99F55 /* CGPathCategory.m */; };
		2B7777BB1EE829A500C99F55 /* GGDataScaler.m in Sources */ = {isa = PBXBuildFile; fileRef = 2B7777B51EE829A500C99F55 /* GGDataScaler.m */; };
		2B7777BD1EE829A500C99F55 /* NSValue+GGValue.m in Sources */ = {isa = PBXBuildFile; fileRef = 2B7777B91EE829A500C99F55 /* NSValue+GGValue.m */; };
		2B8B70FF1EF76066002FDC09 /* BaseScaler.m in Sources */ = {isa = PBXBuildFile; fileRef = 2B8B70FE1EF76066002FDC09 /* BaseScaler.m */; };
		2B9E98CD1EEE212A00DF0889 /* MDLineChart.m in Sources */ = {isa = PBXBuildFile; fileRef = 2B9E98CC1EEE212A00DF0889 /* MDLineChart.m */; };
		2B9E98D51EEE870500DF0889 /* CALayer+GGLayer.m in Sources */ = {isa = PBXBuildFile; fileRef = 2B9E98D41EEE870500DF0889 /* CALayer+GGLayer.m */; };
		2B9E98D81EEE8A0B00DF0889 /* MDLineViewController.m in Sources */ = {isa = PBXBuildFile; fileRef = 2B9E98D71EEE8A0B00DF0889 /* MDLineViewController.m */; };
		2B9E98DB1EEE8EFD00DF0889 /* StockQueryView.m in Sources */ = {isa = PBXBuildFile; fileRef = 2B9E98DA1EEE8EFD00DF0889 /* StockQueryView.m */; };
		2B9E98F91EEFA90200DF0889 /* PieChart.m in Sources */ = {isa = PBXBuildFile; fileRef = 2B9E98F81EEFA90200DF0889 /* PieChart.m */; };
		2BA1C7491EEB7B7D007733CC /* NTPieChart.m in Sources */ = {isa = PBXBuildFile; fileRef = 2BA1C7481EEB7B7D007733CC /* NTPieChart.m */; };
		2BA1C74C1EEC36BC007733CC /* NTPieViewController.m in Sources */ = {isa = PBXBuildFile; fileRef = 2BA1C74B1EEC36BC007733CC /* NTPieViewController.m */; };
/* End PBXBuildFile section */

/* Begin PBXFileReference section */
		2B1157B61EFFEE3D0049FE79 /* AppDelegate.h */ = {isa = PBXFileReference; fileEncoding = 4; lastKnownFileType = sourcecode.c.h; path = AppDelegate.h; sourceTree = "<group>"; };
		2B1157B71EFFEE3D0049FE79 /* AppDelegate.m */ = {isa = PBXFileReference; fileEncoding = 4; lastKnownFileType = sourcecode.c.objc; path = AppDelegate.m; sourceTree = "<group>"; };
		2B1157B81EFFEE3D0049FE79 /* Assets.xcassets */ = {isa = PBXFileReference; lastKnownFileType = folder.assetcatalog; path = Assets.xcassets; sourceTree = "<group>"; };
		2B1157BA1EFFEE3D0049FE79 /* Base */ = {isa = PBXFileReference; lastKnownFileType = file.storyboard; name = Base; path = Base.lproj/LaunchScreen.storyboard; sourceTree = "<group>"; };
		2B1157BD1EFFEE3D0049FE79 /* Info.plist */ = {isa = PBXFileReference; fileEncoding = 4; lastKnownFileType = text.plist.xml; path = Info.plist; sourceTree = "<group>"; };
		2B1157BE1EFFEE3D0049FE79 /* ListVC.h */ = {isa = PBXFileReference; fileEncoding = 4; lastKnownFileType = sourcecode.c.h; path = ListVC.h; sourceTree = "<group>"; };
		2B1157BF1EFFEE3D0049FE79 /* ListVC.m */ = {isa = PBXFileReference; fileEncoding = 4; lastKnownFileType = sourcecode.c.objc; path = ListVC.m; sourceTree = "<group>"; };
		2B1157C01EFFEE3D0049FE79 /* main.m */ = {isa = PBXFileReference; fileEncoding = 4; lastKnownFileType = sourcecode.c.objc; path = main.m; sourceTree = "<group>"; };
		2B1157C11EFFEE3D0049FE79 /* stock_data.json */ = {isa = PBXFileReference; fileEncoding = 4; lastKnownFileType = text.json; path = stock_data.json; sourceTree = "<group>"; };
		2B20CC021EEADC7900D4F7F2 /* IOBarChartViewController.h */ = {isa = PBXFileReference; fileEncoding = 4; lastKnownFileType = sourcecode.c.h; path = IOBarChartViewController.h; sourceTree = "<group>"; };
		2B20CC031EEADC7900D4F7F2 /* IOBarChartViewController.m */ = {isa = PBXFileReference; fileEncoding = 4; lastKnownFileType = sourcecode.c.objc; path = IOBarChartViewController.m; sourceTree = "<group>"; };
		2B20CC051EEAE79900D4F7F2 /* LineBarChartViewController.h */ = {isa = PBXFileReference; fileEncoding = 4; lastKnownFileType = sourcecode.c.h; path = LineBarChartViewController.h; sourceTree = "<group>"; };
		2B20CC061EEAE79900D4F7F2 /* LineBarChartViewController.m */ = {isa = PBXFileReference; fileEncoding = 4; lastKnownFileType = sourcecode.c.objc; path = LineBarChartViewController.m; sourceTree = "<group>"; };
		2B252B7D1EFBB52500AF541B /* CALayer+GGFrame.h */ = {isa = PBXFileReference; fileEncoding = 4; lastKnownFileType = sourcecode.c.h; path = "CALayer+GGFrame.h"; sourceTree = "<group>"; };
		2B252B7E1EFBB52500AF541B /* CALayer+GGFrame.m */ = {isa = PBXFileReference; fileEncoding = 4; lastKnownFileType = sourcecode.c.objc; path = "CALayer+GGFrame.m"; sourceTree = "<group>"; };
		2B252B801EFBBD5D00AF541B /* DLineScaler.h */ = {isa = PBXFileReference; fileEncoding = 4; lastKnownFileType = sourcecode.c.h; path = DLineScaler.h; sourceTree = "<group>"; };
		2B252B811EFBBD5D00AF541B /* DLineScaler.m */ = {isa = PBXFileReference; fileEncoding = 4; lastKnownFileType = sourcecode.c.objc; path = DLineScaler.m; sourceTree = "<group>"; };
		2B252B831EFBC19B00AF541B /* DBarScaler.h */ = {isa = PBXFileReference; fileEncoding = 4; lastKnownFileType = sourcecode.c.h; path = DBarScaler.h; sourceTree = "<group>"; };
		2B252B841EFBC19B00AF541B /* DBarScaler.m */ = {isa = PBXFileReference; fileEncoding = 4; lastKnownFileType = sourcecode.c.objc; path = DBarScaler.m; sourceTree = "<group>"; };
		2B330A501EE44F19003D17C4 /* GGAxisRenderer.h */ = {isa = PBXFileReference; fileEncoding = 4; lastKnownFileType = sourcecode.c.h; path = GGAxisRenderer.h; sourceTree = "<group>"; };
		2B330A511EE44F19003D17C4 /* GGAxisRenderer.m */ = {isa = PBXFileReference; fileEncoding = 4; lastKnownFileType = sourcecode.c.objc; path = GGAxisRenderer.m; sourceTree = "<group>"; };
		2B330A541EE44F19003D17C4 /* GGChartDefine.h */ = {isa = PBXFileReference; fileEncoding = 4; lastKnownFileType = sourcecode.c.h; path = GGChartDefine.h; sourceTree = "<group>"; };
		2B330A551EE44F19003D17C4 /* GGCircleRenderer.h */ = {isa = PBXFileReference; fileEncoding = 4; lastKnownFileType = sourcecode.c.h; path = GGCircleRenderer.h; sourceTree = "<group>"; };
		2B330A561EE44F19003D17C4 /* GGCircleRenderer.m */ = {isa = PBXFileReference; fileEncoding = 4; lastKnownFileType = sourcecode.c.objc; path = GGCircleRenderer.m; sourceTree = "<group>"; };
		2B330A571EE44F19003D17C4 /* GGGridRenderer.h */ = {isa = PBXFileReference; fileEncoding = 4; lastKnownFileType = sourcecode.c.h; path = GGGridRenderer.h; sourceTree = "<group>"; };
		2B330A581EE44F19003D17C4 /* GGGridRenderer.m */ = {isa = PBXFileReference; fileEncoding = 4; lastKnownFileType = sourcecode.c.objc; path = GGGridRenderer.m; sourceTree = "<group>"; };
		2B330A591EE44F19003D17C4 /* GGLineRenderer.h */ = {isa = PBXFileReference; fileEncoding = 4; lastKnownFileType = sourcecode.c.h; path = GGLineRenderer.h; sourceTree = "<group>"; };
		2B330A5A1EE44F19003D17C4 /* GGLineRenderer.m */ = {isa = PBXFileReference; fileEncoding = 4; lastKnownFileType = sourcecode.c.objc; path = GGLineRenderer.m; sourceTree = "<group>"; };
		2B330A5B1EE44F19003D17C4 /* GGRenderProtocol.h */ = {isa = PBXFileReference; fileEncoding = 4; lastKnownFileType = sourcecode.c.h; path = GGRenderProtocol.h; sourceTree = "<group>"; };
		2B330A5C1EE44F19003D17C4 /* GGStringRenderer.h */ = {isa = PBXFileReference; fileEncoding = 4; lastKnownFileType = sourcecode.c.h; path = GGStringRenderer.h; sourceTree = "<group>"; };
		2B330A5D1EE44F19003D17C4 /* GGStringRenderer.m */ = {isa = PBXFileReference; fileEncoding = 4; lastKnownFileType = sourcecode.c.objc; path = GGStringRenderer.m; sourceTree = "<group>"; };
		2B330A681EE44F8E003D17C4 /* GGChart.h */ = {isa = PBXFileReference; fileEncoding = 4; lastKnownFileType = sourcecode.c.h; path = GGChart.h; sourceTree = "<group>"; };
		2B3CB0C51EE6EAF700472774 /* UICountingLabel.h */ = {isa = PBXFileReference; fileEncoding = 4; lastKnownFileType = sourcecode.c.h; path = UICountingLabel.h; sourceTree = "<group>"; };
		2B3CB0C61EE6EAF700472774 /* UICountingLabel.m */ = {isa = PBXFileReference; fileEncoding = 4; lastKnownFileType = sourcecode.c.objc; path = UICountingLabel.m; sourceTree = "<group>"; };
		2B4D8A0C1D1BF2EB002CED37 /* HSCharts.app */ = {isa = PBXFileReference; explicitFileType = wrapper.application; includeInIndex = 0; path = HSCharts.app; sourceTree = BUILT_PRODUCTS_DIR; };
		2B5DE6231F00AD5700B40676 /* StockModelProtocol.h */ = {isa = PBXFileReference; lastKnownFileType = sourcecode.c.h; path = StockModelProtocol.h; sourceTree = "<group>"; };
		2B5DE6241F00B2BB00B40676 /* BaseStockChart.h */ = {isa = PBXFileReference; fileEncoding = 4; lastKnownFileType = sourcecode.c.h; path = BaseStockChart.h; sourceTree = "<group>"; };
		2B5DE6251F00B2BB00B40676 /* BaseStockChart.m */ = {isa = PBXFileReference; fileEncoding = 4; lastKnownFileType = sourcecode.c.objc; path = BaseStockChart.m; sourceTree = "<group>"; };
		2B5DE6271F00B33D00B40676 /* TimeChart.h */ = {isa = PBXFileReference; fileEncoding = 4; lastKnownFileType = sourcecode.c.h; path = TimeChart.h; sourceTree = "<group>"; };
		2B5DE6281F00B33D00B40676 /* TimeChart.m */ = {isa = PBXFileReference; fileEncoding = 4; lastKnownFileType = sourcecode.c.objc; path = TimeChart.m; sourceTree = "<group>"; };
		2B5DE62A1F00B44600B40676 /* time_chart_data.json */ = {isa = PBXFileReference; fileEncoding = 4; lastKnownFileType = text.json; path = time_chart_data.json; sourceTree = "<group>"; };
		2B5DE62D1F00B77C00B40676 /* NSArray+Stock.h */ = {isa = PBXFileReference; fileEncoding = 4; lastKnownFileType = sourcecode.c.h; path = "NSArray+Stock.h"; sourceTree = "<group>"; };
		2B5DE62E1F00B77C00B40676 /* NSArray+Stock.m */ = {isa = PBXFileReference; fileEncoding = 4; lastKnownFileType = sourcecode.c.objc; path = "NSArray+Stock.m"; sourceTree = "<group>"; };
		2B5DE6301F00BB9800B40676 /* KTimeViewController.h */ = {isa = PBXFileReference; fileEncoding = 4; lastKnownFileType = sourcecode.c.h; path = KTimeViewController.h; sourceTree = "<group>"; };
		2B5DE6311F00BB9800B40676 /* KTimeViewController.m */ = {isa = PBXFileReference; fileEncoding = 4; lastKnownFileType = sourcecode.c.objc; path = KTimeViewController.m; sourceTree = "<group>"; };
		2B5DE6331F00BD0100B40676 /* BaseModel.h */ = {isa = PBXFileReference; fileEncoding = 4; lastKnownFileType = sourcecode.c.h; path = BaseModel.h; sourceTree = "<group>"; };
		2B5DE6341F00BD0100B40676 /* BaseModel.m */ = {isa = PBXFileReference; fileEncoding = 4; lastKnownFileType = sourcecode.c.objc; path = BaseModel.m; sourceTree = "<group>"; };
		2B63AEDD1F01EB130043E7DA /* BaseLineData.h */ = {isa = PBXFileReference; fileEncoding = 4; lastKnownFileType = sourcecode.c.h; path = BaseLineData.h; sourceTree = "<group>"; };
		2B63AEDE1F01EB130043E7DA /* BaseLineData.m */ = {isa = PBXFileReference; fileEncoding = 4; lastKnownFileType = sourcecode.c.objc; path = BaseLineData.m; sourceTree = "<group>"; };
		2B63AEEB1F033F270043E7DA /* LineData.h */ = {isa = PBXFileReference; fileEncoding = 4; lastKnownFileType = sourcecode.c.h; path = LineData.h; sourceTree = "<group>"; };
		2B63AEEC1F033F270043E7DA /* LineData.m */ = {isa = PBXFileReference; fileEncoding = 4; lastKnownFileType = sourcecode.c.objc; path = LineData.m; sourceTree = "<group>"; };
		2B63AEEF1F033FB00043E7DA /* BarData.h */ = {isa = PBXFileReference; fileEncoding = 4; lastKnownFileType = sourcecode.c.h; path = BarData.h; sourceTree = "<group>"; };
		2B63AEF01F033FB00043E7DA /* BarData.m */ = {isa = PBXFileReference; fileEncoding = 4; lastKnownFileType = sourcecode.c.objc; path = BarData.m; sourceTree = "<group>"; };
		2B6F1A5A1EE6432C0075EB59 /* PNBarChart.h */ = {isa = PBXFileReference; fileEncoding = 4; lastKnownFileType = sourcecode.c.h; path = PNBarChart.h; sourceTree = "<group>"; };
		2B6F1A5B1EE6432C0075EB59 /* PNBarChart.m */ = {isa = PBXFileReference; fileEncoding = 4; lastKnownFileType = sourcecode.c.objc; path = PNBarChart.m; sourceTree = "<group>"; };
		2B6FB6361EE9208200D95EA6 /* Colors.h */ = {isa = PBXFileReference; fileEncoding = 4; lastKnownFileType = sourcecode.c.h; path = Colors.h; sourceTree = "<group>"; };
		2B6FB64A1EE92D3000D95EA6 /* BaseChart.h */ = {isa = PBXFileReference; fileEncoding = 4; lastKnownFileType = sourcecode.c.h; path = BaseChart.h; sourceTree = "<group>"; };
		2B6FB64B1EE92D3000D95EA6 /* BaseChart.m */ = {isa = PBXFileReference; fileEncoding = 4; lastKnownFileType = sourcecode.c.objc; path = BaseChart.m; sourceTree = "<group>"; };
		2B77684B1EFD213900A31999 /* BaseCountChart.h */ = {isa = PBXFileReference; fileEncoding = 4; lastKnownFileType = sourcecode.c.h; path = BaseCountChart.h; sourceTree = "<group>"; };
		2B77684C1EFD213900A31999 /* BaseCountChart.m */ = {isa = PBXFileReference; fileEncoding = 4; lastKnownFileType = sourcecode.c.objc; path = BaseCountChart.m; sourceTree = "<group>"; };
		2B77684F1EFF461D00A31999 /* BarChartData.h */ = {isa = PBXFileReference; fileEncoding = 4; lastKnownFileType = sourcecode.c.h; path = BarChartData.h; sourceTree = "<group>"; };
		2B7768501EFF461D00A31999 /* BarChartData.m */ = {isa = PBXFileReference; fileEncoding = 4; lastKnownFileType = sourcecode.c.objc; path = BarChartData.m; sourceTree = "<group>"; };
		2B7768511EFF461D00A31999 /* BaseChartData.h */ = {isa = PBXFileReference; fileEncoding = 4; lastKnownFileType = sourcecode.c.h; path = BaseChartData.h; sourceTree = "<group>"; };
		2B7768521EFF461D00A31999 /* BaseChartData.m */ = {isa = PBXFileReference; fileEncoding = 4; lastKnownFileType = sourcecode.c.objc; path = BaseChartData.m; sourceTree = "<group>"; };
		2B7768531EFF461D00A31999 /* LineChartData.h */ = {isa = PBXFileReference; fileEncoding = 4; lastKnownFileType = sourcecode.c.h; path = LineChartData.h; sourceTree = "<group>"; };
		2B7768541EFF461D00A31999 /* LineChartData.m */ = {isa = PBXFileReference; fileEncoding = 4; lastKnownFileType = sourcecode.c.objc; path = LineChartData.m; sourceTree = "<group>"; };
		2B7768551EFF461D00A31999 /* MassChartData.h */ = {isa = PBXFileReference; fileEncoding = 4; lastKnownFileType = sourcecode.c.h; path = MassChartData.h; sourceTree = "<group>"; };
		2B7768561EFF461D00A31999 /* MassChartData.m */ = {isa = PBXFileReference; fileEncoding = 4; lastKnownFileType = sourcecode.c.objc; path = MassChartData.m; sourceTree = "<group>"; };
		2B7768571EFF461D00A31999 /* PieChartData.h */ = {isa = PBXFileReference; fileEncoding = 4; lastKnownFileType = sourcecode.c.h; path = PieChartData.h; sourceTree = "<group>"; };
		2B7768581EFF461D00A31999 /* PieChartData.m */ = {isa = PBXFileReference; fileEncoding = 4; lastKnownFileType = sourcecode.c.objc; path = PieChartData.m; sourceTree = "<group>"; };
		2B7768591EFF461D00A31999 /* PNBarData.h */ = {isa = PBXFileReference; fileEncoding = 4; lastKnownFileType = sourcecode.c.h; path = PNBarData.h; sourceTree = "<group>"; };
		2B77685A1EFF461D00A31999 /* PNBarData.m */ = {isa = PBXFileReference; fileEncoding = 4; lastKnownFileType = sourcecode.c.objc; path = PNBarData.m; sourceTree = "<group>"; };
		2B7768611EFF46DC00A31999 /* GGChartTouchProtocol.h */ = {isa = PBXFileReference; lastKnownFileType = sourcecode.c.h; path = GGChartTouchProtocol.h; sourceTree = "<group>"; };
		2B7768621EFF49FD00A31999 /* GGChartDefine.h */ = {isa = PBXFileReference; lastKnownFileType = sourcecode.c.h; path = GGChartDefine.h; sourceTree = "<group>"; };
		2B7768631EFF4B0E00A31999 /* BaseBarData.h */ = {isa = PBXFileReference; fileEncoding = 4; lastKnownFileType = sourcecode.c.h; path = BaseBarData.h; sourceTree = "<group>"; };
		2B7768641EFF4B0E00A31999 /* BaseBarData.m */ = {isa = PBXFileReference; fileEncoding = 4; lastKnownFileType = sourcecode.c.objc; path = BaseBarData.m; sourceTree = "<group>"; };
		2B7768661EFF7EFE00A31999 /* ChartBaseEvent.h */ = {isa = PBXFileReference; fileEncoding = 4; lastKnownFileType = sourcecode.c.h; path = ChartBaseEvent.h; sourceTree = "<group>"; };
		2B7768671EFF7EFE00A31999 /* ChartBaseEvent.m */ = {isa = PBXFileReference; fileEncoding = 4; lastKnownFileType = sourcecode.c.objc; path = ChartBaseEvent.m; sourceTree = "<group>"; };
		2B77779E1EE7C86D00C99F55 /* LineBarChart.h */ = {isa = PBXFileReference; fileEncoding = 4; lastKnownFileType = sourcecode.c.h; path = LineBarChart.h; sourceTree = "<group>"; };
		2B77779F1EE7C86D00C99F55 /* LineBarChart.m */ = {isa = PBXFileReference; fileEncoding = 4; lastKnownFileType = sourcecode.c.objc; path = LineBarChart.m; sourceTree = "<group>"; };
		2B7777A81EE8272400C99F55 /* GGCanvas.h */ = {isa = PBXFileReference; fileEncoding = 4; lastKnownFileType = sourcecode.c.h; path = GGCanvas.h; sourceTree = "<group>"; };
		2B7777A91EE8272400C99F55 /* GGCanvas.m */ = {isa = PBXFileReference; fileEncoding = 4; lastKnownFileType = sourcecode.c.objc; path = GGCanvas.m; sourceTree = "<group>"; };
		2B7777AA1EE8272400C99F55 /* GGShapeCanvas.h */ = {isa = PBXFileReference; fileEncoding = 4; lastKnownFileType = sourcecode.c.h; path = GGShapeCanvas.h; sourceTree = "<group>"; };
		2B7777AB1EE8272400C99F55 /* GGShapeCanvas.m */ = {isa = PBXFileReference; fileEncoding = 4; lastKnownFileType = sourcecode.c.objc; path = GGShapeCanvas.m; sourceTree = "<group>"; };
		2B7777AF1EE828EF00C99F55 /* CGPathCategory.h */ = {isa = PBXFileReference; fileEncoding = 4; lastKnownFileType = sourcecode.c.h; path = CGPathCategory.h; sourceTree = "<group>"; };
		2B7777B01EE828EF00C99F55 /* CGPathCategory.m */ = {isa = PBXFileReference; fileEncoding = 4; lastKnownFileType = sourcecode.c.objc; path = CGPathCategory.m; sourceTree = "<group>"; };
		2B7777B11EE828EF00C99F55 /* GGChartGeometry.h */ = {isa = PBXFileReference; fileEncoding = 4; lastKnownFileType = sourcecode.c.h; path = GGChartGeometry.h; sourceTree = "<group>"; };
		2B7777B41EE829A500C99F55 /* GGDataScaler.h */ = {isa = PBXFileReference; fileEncoding = 4; lastKnownFileType = sourcecode.c.h; path = GGDataScaler.h; sourceTree = "<group>"; };
		2B7777B51EE829A500C99F55 /* GGDataScaler.m */ = {isa = PBXFileReference; fileEncoding = 4; lastKnownFileType = sourcecode.c.objc; path = GGDataScaler.m; sourceTree = "<group>"; };
		2B7777B81EE829A500C99F55 /* NSValue+GGValue.h */ = {isa = PBXFileReference; fileEncoding = 4; lastKnownFileType = sourcecode.c.h; path = "NSValue+GGValue.h"; sourceTree = "<group>"; };
		2B7777B91EE829A500C99F55 /* NSValue+GGValue.m */ = {isa = PBXFileReference; fileEncoding = 4; lastKnownFileType = sourcecode.c.objc; path = "NSValue+GGValue.m"; sourceTree = "<group>"; };
		2B7777BA1EE829A500C99F55 /* ToolDefine.h */ = {isa = PBXFileReference; fileEncoding = 4; lastKnownFileType = sourcecode.c.h; path = ToolDefine.h; sourceTree = "<group>"; };
		2B8B70FD1EF76066002FDC09 /* BaseScaler.h */ = {isa = PBXFileReference; fileEncoding = 4; lastKnownFileType = sourcecode.c.h; path = BaseScaler.h; sourceTree = "<group>"; };
		2B8B70FE1EF76066002FDC09 /* BaseScaler.m */ = {isa = PBXFileReference; fileEncoding = 4; lastKnownFileType = sourcecode.c.objc; path = BaseScaler.m; sourceTree = "<group>"; };
		2B9E98CB1EEE212A00DF0889 /* MDLineChart.h */ = {isa = PBXFileReference; fileEncoding = 4; lastKnownFileType = sourcecode.c.h; path = MDLineChart.h; sourceTree = "<group>"; };
		2B9E98CC1EEE212A00DF0889 /* MDLineChart.m */ = {isa = PBXFileReference; fileEncoding = 4; lastKnownFileType = sourcecode.c.objc; path = MDLineChart.m; sourceTree = "<group>"; };
		2B9E98D31EEE870500DF0889 /* CALayer+GGLayer.h */ = {isa = PBXFileReference; fileEncoding = 4; lastKnownFileType = sourcecode.c.h; path = "CALayer+GGLayer.h"; sourceTree = "<group>"; };
		2B9E98D41EEE870500DF0889 /* CALayer+GGLayer.m */ = {isa = PBXFileReference; fileEncoding = 4; lastKnownFileType = sourcecode.c.objc; path = "CALayer+GGLayer.m"; sourceTree = "<group>"; };
		2B9E98D61EEE8A0B00DF0889 /* MDLineViewController.h */ = {isa = PBXFileReference; fileEncoding = 4; lastKnownFileType = sourcecode.c.h; path = MDLineViewController.h; sourceTree = "<group>"; };
		2B9E98D71EEE8A0B00DF0889 /* MDLineViewController.m */ = {isa = PBXFileReference; fileEncoding = 4; lastKnownFileType = sourcecode.c.objc; path = MDLineViewController.m; sourceTree = "<group>"; };
		2B9E98D91EEE8EFD00DF0889 /* StockQueryView.h */ = {isa = PBXFileReference; fileEncoding = 4; lastKnownFileType = sourcecode.c.h; path = StockQueryView.h; sourceTree = "<group>"; };
		2B9E98DA1EEE8EFD00DF0889 /* StockQueryView.m */ = {isa = PBXFileReference; fileEncoding = 4; lastKnownFileType = sourcecode.c.objc; path = StockQueryView.m; sourceTree = "<group>"; };
		2B9E98F71EEFA90200DF0889 /* PieChart.h */ = {isa = PBXFileReference; fileEncoding = 4; lastKnownFileType = sourcecode.c.h; path = PieChart.h; sourceTree = "<group>"; };
		2B9E98F81EEFA90200DF0889 /* PieChart.m */ = {isa = PBXFileReference; fileEncoding = 4; lastKnownFileType = sourcecode.c.objc; path = PieChart.m; sourceTree = "<group>"; };
		2BA1C7471EEB7B7D007733CC /* NTPieChart.h */ = {isa = PBXFileReference; fileEncoding = 4; lastKnownFileType = sourcecode.c.h; path = NTPieChart.h; sourceTree = "<group>"; };
		2BA1C7481EEB7B7D007733CC /* NTPieChart.m */ = {isa = PBXFileReference; fileEncoding = 4; lastKnownFileType = sourcecode.c.objc; path = NTPieChart.m; sourceTree = "<group>"; };
		2BA1C74A1EEC36BC007733CC /* NTPieViewController.h */ = {isa = PBXFileReference; fileEncoding = 4; lastKnownFileType = sourcecode.c.h; path = NTPieViewController.h; sourceTree = "<group>"; };
		2BA1C74B1EEC36BC007733CC /* NTPieViewController.m */ = {isa = PBXFileReference; fileEncoding = 4; lastKnownFileType = sourcecode.c.objc; path = NTPieViewController.m; sourceTree = "<group>"; };
/* End PBXFileReference section */

/* Begin PBXFrameworksBuildPhase section */
		2B4D8A091D1BF2EB002CED37 /* Frameworks */ = {
			isa = PBXFrameworksBuildPhase;
			buildActionMask = 2147483647;
			files = (
			);
			runOnlyForDeploymentPostprocessing = 0;
		};
/* End PBXFrameworksBuildPhase section */

/* Begin PBXGroup section */
		2B1157B51EFFEE3D0049FE79 /* HSCharts */ = {
			isa = PBXGroup;
			children = (
				2B1157B61EFFEE3D0049FE79 /* AppDelegate.h */,
				2B1157B71EFFEE3D0049FE79 /* AppDelegate.m */,
				2B1157B81EFFEE3D0049FE79 /* Assets.xcassets */,
				2B1157B91EFFEE3D0049FE79 /* LaunchScreen.storyboard */,
				2B1157BD1EFFEE3D0049FE79 /* Info.plist */,
				2B1157BE1EFFEE3D0049FE79 /* ListVC.h */,
				2B1157BF1EFFEE3D0049FE79 /* ListVC.m */,
				2B1157C01EFFEE3D0049FE79 /* main.m */,
				2B1157C11EFFEE3D0049FE79 /* stock_data.json */,
				2B5DE62A1F00B44600B40676 /* time_chart_data.json */,
			);
			path = HSCharts;
			sourceTree = "<group>";
		};
		2B20CC011EEADC1400D4F7F2 /* GGChartDemo */ = {
			isa = PBXGroup;
			children = (
				2B20CC021EEADC7900D4F7F2 /* IOBarChartViewController.h */,
				2B20CC031EEADC7900D4F7F2 /* IOBarChartViewController.m */,
				2B20CC051EEAE79900D4F7F2 /* LineBarChartViewController.h */,
				2B20CC061EEAE79900D4F7F2 /* LineBarChartViewController.m */,
				2BA1C74A1EEC36BC007733CC /* NTPieViewController.h */,
				2BA1C74B1EEC36BC007733CC /* NTPieViewController.m */,
				2B9E98D61EEE8A0B00DF0889 /* MDLineViewController.h */,
				2B9E98D71EEE8A0B00DF0889 /* MDLineViewController.m */,
				2B5DE6301F00BB9800B40676 /* KTimeViewController.h */,
				2B5DE6311F00BB9800B40676 /* KTimeViewController.m */,
				2B5DE6331F00BD0100B40676 /* BaseModel.h */,
				2B5DE6341F00BD0100B40676 /* BaseModel.m */,
			);
			path = GGChartDemo;
			sourceTree = "<group>";
		};
		2B330A451EE44F19003D17C4 /* GGGraphics */ = {
			isa = PBXGroup;
			children = (
				2B330A681EE44F8E003D17C4 /* GGChart.h */,
				2B8B70FC1EF75F0E002FDC09 /* DataScaler */,
				2B7777B31EE829A500C99F55 /* GUtils */,
				2B7777AE1EE828EF00C99F55 /* Shape */,
				2B7777A71EE8272400C99F55 /* Canvas */,
				2B330A4F1EE44F19003D17C4 /* Renderer */,
			);
			path = GGGraphics;
			sourceTree = "<group>";
		};
		2B330A4F1EE44F19003D17C4 /* Renderer */ = {
			isa = PBXGroup;
			children = (
				2B330A541EE44F19003D17C4 /* GGChartDefine.h */,
				2B330A5B1EE44F19003D17C4 /* GGRenderProtocol.h */,
				2B330A501EE44F19003D17C4 /* GGAxisRenderer.h */,
				2B330A511EE44F19003D17C4 /* GGAxisRenderer.m */,
				2B330A551EE44F19003D17C4 /* GGCircleRenderer.h */,
				2B330A561EE44F19003D17C4 /* GGCircleRenderer.m */,
				2B330A571EE44F19003D17C4 /* GGGridRenderer.h */,
				2B330A581EE44F19003D17C4 /* GGGridRenderer.m */,
				2B330A591EE44F19003D17C4 /* GGLineRenderer.h */,
				2B330A5A1EE44F19003D17C4 /* GGLineRenderer.m */,
				2B330A5C1EE44F19003D17C4 /* GGStringRenderer.h */,
				2B330A5D1EE44F19003D17C4 /* GGStringRenderer.m */,
			);
			path = Renderer;
			sourceTree = "<group>";
		};
		2B4D8A031D1BF2EB002CED37 = {
			isa = PBXGroup;
			children = (
				2B1157B51EFFEE3D0049FE79 /* HSCharts */,
				2B20CC011EEADC1400D4F7F2 /* GGChartDemo */,
				2B6F1A591EE641D40075EB59 /* GGChartKit */,
				2B330A451EE44F19003D17C4 /* GGGraphics */,
				2B4D8A0D1D1BF2EB002CED37 /* Products */,
			);
			sourceTree = "<group>";
		};
		2B4D8A0D1D1BF2EB002CED37 /* Products */ = {
			isa = PBXGroup;
			children = (
				2B4D8A0C1D1BF2EB002CED37 /* HSCharts.app */,
			);
			name = Products;
			sourceTree = "<group>";
		};
		2B5DE6201F00A6F000B40676 /* StockChart */ = {
			isa = PBXGroup;
			children = (
				2B5DE6231F00AD5700B40676 /* StockModelProtocol.h */,
				2B5DE6241F00B2BB00B40676 /* BaseStockChart.h */,
				2B5DE6251F00B2BB00B40676 /* BaseStockChart.m */,
				2B5DE62C1F00B75100B40676 /* StockUtils */,
				2B5DE6211F00A6F000B40676 /* TimeChart */,
			);
			path = StockChart;
			sourceTree = "<group>";
		};
		2B5DE6211F00A6F000B40676 /* TimeChart */ = {
			isa = PBXGroup;
			children = (
				2B5DE6271F00B33D00B40676 /* TimeChart.h */,
				2B5DE6281F00B33D00B40676 /* TimeChart.m */,
			);
			path = TimeChart;
			sourceTree = "<group>";
		};
		2B5DE62C1F00B75100B40676 /* StockUtils */ = {
			isa = PBXGroup;
			children = (
				2B5DE62D1F00B77C00B40676 /* NSArray+Stock.h */,
				2B5DE62E1F00B77C00B40676 /* NSArray+Stock.m */,
			);
			path = StockUtils;
			sourceTree = "<group>";
		};
		2B63AEEE1F033F550043E7DA /* NewData */ = {
			isa = PBXGroup;
			children = (
				2B7768661EFF7EFE00A31999 /* ChartBaseEvent.h */,
				2B7768671EFF7EFE00A31999 /* ChartBaseEvent.m */,
				2B7768611EFF46DC00A31999 /* GGChartTouchProtocol.h */,
				2B7768511EFF461D00A31999 /* BaseChartData.h */,
				2B7768521EFF461D00A31999 /* BaseChartData.m */,
				2B63AEDD1F01EB130043E7DA /* BaseLineData.h */,
				2B63AEDE1F01EB130043E7DA /* BaseLineData.m */,
				2B7768631EFF4B0E00A31999 /* BaseBarData.h */,
				2B7768641EFF4B0E00A31999 /* BaseBarData.m */,
				2B7768591EFF461D00A31999 /* PNBarData.h */,
				2B77685A1EFF461D00A31999 /* PNBarData.m */,
				2B63AEEB1F033F270043E7DA /* LineData.h */,
				2B63AEEC1F033F270043E7DA /* LineData.m */,
				2B63AEEF1F033FB00043E7DA /* BarData.h */,
				2B63AEF01F033FB00043E7DA /* BarData.m */,
			);
			name = NewData;
			sourceTree = "<group>";
		};
		2B6F1A591EE641D40075EB59 /* GGChartKit */ = {
			isa = PBXGroup;
			children = (
				2B5DE6201F00A6F000B40676 /* StockChart */,
				2B77684E1EFF461D00A31999 /* ChartDatas */,
				2B6FB6361EE9208200D95EA6 /* Colors.h */,
				2B6FB64A1EE92D3000D95EA6 /* BaseChart.h */,
				2B6FB64B1EE92D3000D95EA6 /* BaseChart.m */,
				2B77684B1EFD213900A31999 /* BaseCountChart.h */,
				2B77684C1EFD213900A31999 /* BaseCountChart.m */,
				2B3CB0C51EE6EAF700472774 /* UICountingLabel.h */,
				2B3CB0C61EE6EAF700472774 /* UICountingLabel.m */,
				2B9E98F71EEFA90200DF0889 /* PieChart.h */,
				2B9E98F81EEFA90200DF0889 /* PieChart.m */,
				2BA1C7471EEB7B7D007733CC /* NTPieChart.h */,
				2BA1C7481EEB7B7D007733CC /* NTPieChart.m */,
				2B6F1A5A1EE6432C0075EB59 /* PNBarChart.h */,
				2B6F1A5B1EE6432C0075EB59 /* PNBarChart.m */,
				2B77779E1EE7C86D00C99F55 /* LineBarChart.h */,
				2B77779F1EE7C86D00C99F55 /* LineBarChart.m */,
				2B9E98CB1EEE212A00DF0889 /* MDLineChart.h */,
				2B9E98CC1EEE212A00DF0889 /* MDLineChart.m */,
				2B9E98D91EEE8EFD00DF0889 /* StockQueryView.h */,
				2B9E98DA1EEE8EFD00DF0889 /* StockQueryView.m */,
			);
			path = GGChartKit;
			sourceTree = "<group>";
		};
		2B77684E1EFF461D00A31999 /* ChartDatas */ = {
			isa = PBXGroup;
			children = (
				2B63AEEE1F033F550043E7DA /* NewData */,
				2B7768531EFF461D00A31999 /* LineChartData.h */,
				2B7768541EFF461D00A31999 /* LineChartData.m */,
				2B77684F1EFF461D00A31999 /* BarChartData.h */,
				2B7768501EFF461D00A31999 /* BarChartData.m */,
				2B7768551EFF461D00A31999 /* MassChartData.h */,
				2B7768561EFF461D00A31999 /* MassChartData.m */,
				2B7768571EFF461D00A31999 /* PieChartData.h */,
				2B7768581EFF461D00A31999 /* PieChartData.m */,
				2B7768621EFF49FD00A31999 /* GGChartDefine.h */,
			);
			path = ChartDatas;
			sourceTree = "<group>";
		};
		2B7777A71EE8272400C99F55 /* Canvas */ = {
			isa = PBXGroup;
			children = (
				2B7777A81EE8272400C99F55 /* GGCanvas.h */,
				2B7777A91EE8272400C99F55 /* GGCanvas.m */,
				2B7777AA1EE8272400C99F55 /* GGShapeCanvas.h */,
				2B7777AB1EE8272400C99F55 /* GGShapeCanvas.m */,
				2B9E98D31EEE870500DF0889 /* CALayer+GGLayer.h */,
				2B9E98D41EEE870500DF0889 /* CALayer+GGLayer.m */,
			);
			path = Canvas;
			sourceTree = "<group>";
		};
		2B7777AE1EE828EF00C99F55 /* Shape */ = {
			isa = PBXGroup;
			children = (
				2B7777B11EE828EF00C99F55 /* GGChartGeometry.h */,
				2B7777AF1EE828EF00C99F55 /* CGPathCategory.h */,
				2B7777B01EE828EF00C99F55 /* CGPathCategory.m */,
			);
			path = Shape;
			sourceTree = "<group>";
		};
		2B7777B31EE829A500C99F55 /* GUtils */ = {
			isa = PBXGroup;
			children = (
				2B7777BA1EE829A500C99F55 /* ToolDefine.h */,
				2B7777B41EE829A500C99F55 /* GGDataScaler.h */,
				2B7777B51EE829A500C99F55 /* GGDataScaler.m */,
				2B7777B81EE829A500C99F55 /* NSValue+GGValue.h */,
				2B7777B91EE829A500C99F55 /* NSValue+GGValue.m */,
				2B252B7D1EFBB52500AF541B /* CALayer+GGFrame.h */,
				2B252B7E1EFBB52500AF541B /* CALayer+GGFrame.m */,
			);
			path = GUtils;
			sourceTree = "<group>";
		};
		2B8B70FC1EF75F0E002FDC09 /* DataScaler */ = {
			isa = PBXGroup;
			children = (
				2B8B70FD1EF76066002FDC09 /* BaseScaler.h */,
				2B8B70FE1EF76066002FDC09 /* BaseScaler.m */,
				2B252B801EFBBD5D00AF541B /* DLineScaler.h */,
				2B252B811EFBBD5D00AF541B /* DLineScaler.m */,
				2B252B831EFBC19B00AF541B /* DBarScaler.h */,
				2B252B841EFBC19B00AF541B /* DBarScaler.m */,
			);
			path = DataScaler;
			sourceTree = "<group>";
		};
/* End PBXGroup section */

/* Begin PBXNativeTarget section */
		2B4D8A0B1D1BF2EB002CED37 /* HSCharts */ = {
			isa = PBXNativeTarget;
			buildConfigurationList = 2B4D8A1D1D1BF2EB002CED37 /* Build configuration list for PBXNativeTarget "HSCharts" */;
			buildPhases = (
				2B4D8A081D1BF2EB002CED37 /* Sources */,
				2B4D8A091D1BF2EB002CED37 /* Frameworks */,
				2B4D8A0A1D1BF2EB002CED37 /* Resources */,
			);
			buildRules = (
			);
			dependencies = (
			);
			name = HSCharts;
			productName = HSCharts;
			productReference = 2B4D8A0C1D1BF2EB002CED37 /* HSCharts.app */;
			productType = "com.apple.product-type.application";
		};
/* End PBXNativeTarget section */

/* Begin PBXProject section */
		2B4D8A041D1BF2EB002CED37 /* Project object */ = {
			isa = PBXProject;
			attributes = {
				LastUpgradeCheck = 0830;
				ORGANIZATIONNAME = "I really is a farmer";
				TargetAttributes = {
					2B4D8A0B1D1BF2EB002CED37 = {
						CreatedOnToolsVersion = 7.3;
						DevelopmentTeam = 4Q6DMCF59Z;
					};
				};
			};
			buildConfigurationList = 2B4D8A071D1BF2EB002CED37 /* Build configuration list for PBXProject "HSCharts" */;
			compatibilityVersion = "Xcode 3.2";
			developmentRegion = English;
			hasScannedForEncodings = 0;
			knownRegions = (
				en,
				Base,
			);
			mainGroup = 2B4D8A031D1BF2EB002CED37;
			productRefGroup = 2B4D8A0D1D1BF2EB002CED37 /* Products */;
			projectDirPath = "";
			projectRoot = "";
			targets = (
				2B4D8A0B1D1BF2EB002CED37 /* HSCharts */,
			);
		};
/* End PBXProject section */

/* Begin PBXResourcesBuildPhase section */
		2B4D8A0A1D1BF2EB002CED37 /* Resources */ = {
			isa = PBXResourcesBuildPhase;
			buildActionMask = 2147483647;
			files = (
				2B1157C31EFFEE3D0049FE79 /* Assets.xcassets in Resources */,
				2B5DE62B1F00B44600B40676 /* time_chart_data.json in Resources */,
				2B1157CA1EFFEE3D0049FE79 /* stock_data.json in Resources */,
				2B1157C41EFFEE3D0049FE79 /* LaunchScreen.storyboard in Resources */,
			);
			runOnlyForDeploymentPostprocessing = 0;
		};
/* End PBXResourcesBuildPhase section */

/* Begin PBXSourcesBuildPhase section */
		2B4D8A081D1BF2EB002CED37 /* Sources */ = {
			isa = PBXSourcesBuildPhase;
			buildActionMask = 2147483647;
			files = (
				2B77685C1EFF461D00A31999 /* BaseChartData.m in Sources */,
				2B9E98DB1EEE8EFD00DF0889 /* StockQueryView.m in Sources */,
				2B9E98F91EEFA90200DF0889 /* PieChart.m in Sources */,
				2B63AEED1F033F270043E7DA /* LineData.m in Sources */,
				2B77685F1EFF461D00A31999 /* PieChartData.m in Sources */,
				2B5DE6261F00B2BB00B40676 /* BaseStockChart.m in Sources */,
				2B7777B21EE828EF00C99F55 /* CGPathCategory.m in Sources */,
				2B3CB0C71EE6EAF700472774 /* UICountingLabel.m in Sources */,
				2B7777AD1EE8272400C99F55 /* GGShapeCanvas.m in Sources */,
				2B252B7F1EFBB52500AF541B /* CALayer+GGFrame.m in Sources */,
				2B77685B1EFF461D00A31999 /* BarChartData.m in Sources */,
				2B6FB64C1EE92D3000D95EA6 /* BaseChart.m in Sources */,
				2B9E98D81EEE8A0B00DF0889 /* MDLineViewController.m in Sources */,
				2B7777A01EE7C86D00C99F55 /* LineBarChart.m in Sources */,
				2B9E98CD1EEE212A00DF0889 /* MDLineChart.m in Sources */,
				2B5DE6351F00BD0100B40676 /* BaseModel.m in Sources */,
				2B1157C91EFFEE3D0049FE79 /* main.m in Sources */,
				2BA1C74C1EEC36BC007733CC /* NTPieViewController.m in Sources */,
				2B63AEF11F033FB00043E7DA /* BarData.m in Sources */,
				2B77684D1EFD213900A31999 /* BaseCountChart.m in Sources */,
				2B7768651EFF4B0E00A31999 /* BaseBarData.m in Sources */,
				2B252B851EFBC19B00AF541B /* DBarScaler.m in Sources */,
				2B252B821EFBBD5D00AF541B /* DLineScaler.m in Sources */,
				2B7768601EFF461D00A31999 /* PNBarData.m in Sources */,
				2B9E98D51EEE870500DF0889 /* CALayer+GGLayer.m in Sources */,
				2B1157C81EFFEE3D0049FE79 /* ListVC.m in Sources */,
				2B8B70FF1EF76066002FDC09 /* BaseScaler.m in Sources */,
				2B330A651EE44F19003D17C4 /* GGGridRenderer.m in Sources */,
				2B7777AC1EE8272400C99F55 /* GGCanvas.m in Sources */,
				2B77685D1EFF461D00A31999 /* LineChartData.m in Sources */,
				2B6F1A5C1EE6432C0075EB59 /* PNBarChart.m in Sources */,
				2B1157C21EFFEE3D0049FE79 /* AppDelegate.m in Sources */,
				2B330A641EE44F19003D17C4 /* GGCircleRenderer.m in Sources */,
				2B330A621EE44F19003D17C4 /* GGAxisRenderer.m in Sources */,
				2B20CC041EEADC7900D4F7F2 /* IOBarChartViewController.m in Sources */,
				2B5DE6291F00B33D00B40676 /* TimeChart.m in Sources */,
				2B7777BB1EE829A500C99F55 /* GGDataScaler.m in Sources */,
				2B7777BD1EE829A500C99F55 /* NSValue+GGValue.m in Sources */,
				2B20CC071EEAE79900D4F7F2 /* LineBarChartViewController.m in Sources */,
				2B330A661EE44F19003D17C4 /* GGLineRenderer.m in Sources */,
				2B5DE62F1F00B77C00B40676 /* NSArray+Stock.m in Sources */,
				2B330A671EE44F19003D17C4 /* GGStringRenderer.m in Sources */,
				2B63AEDF1F01EB130043E7DA /* BaseLineData.m in Sources */,
				2BA1C7491EEB7B7D007733CC /* NTPieChart.m in Sources */,
				2B7768681EFF7EFE00A31999 /* ChartBaseEvent.m in Sources */,
				2B77685E1EFF461D00A31999 /* MassChartData.m in Sources */,
				2B5DE6321F00BB9800B40676 /* KTimeViewController.m in Sources */,
			);
			runOnlyForDeploymentPostprocessing = 0;
		};
/* End PBXSourcesBuildPhase section */

/* Begin PBXVariantGroup section */
		2B1157B91EFFEE3D0049FE79 /* LaunchScreen.storyboard */ = {
			isa = PBXVariantGroup;
			children = (
				2B1157BA1EFFEE3D0049FE79 /* Base */,
			);
			name = LaunchScreen.storyboard;
			sourceTree = "<group>";
		};
/* End PBXVariantGroup section */

/* Begin XCBuildConfiguration section */
		2B4D8A1B1D1BF2EB002CED37 /* Debug */ = {
			isa = XCBuildConfiguration;
			buildSettings = {
				ALWAYS_SEARCH_USER_PATHS = NO;
				CLANG_ANALYZER_NONNULL = YES;
				CLANG_CXX_LANGUAGE_STANDARD = "gnu++0x";
				CLANG_CXX_LIBRARY = "libc++";
				CLANG_ENABLE_MODULES = YES;
				CLANG_ENABLE_OBJC_ARC = YES;
				CLANG_WARN_BOOL_CONVERSION = YES;
				CLANG_WARN_CONSTANT_CONVERSION = YES;
				CLANG_WARN_DIRECT_OBJC_ISA_USAGE = YES_ERROR;
				CLANG_WARN_EMPTY_BODY = YES;
				CLANG_WARN_ENUM_CONVERSION = YES;
				CLANG_WARN_INFINITE_RECURSION = YES;
				CLANG_WARN_INT_CONVERSION = YES;
				CLANG_WARN_OBJC_ROOT_CLASS = YES_ERROR;
				CLANG_WARN_SUSPICIOUS_MOVE = YES;
				CLANG_WARN_UNREACHABLE_CODE = YES;
				CLANG_WARN__DUPLICATE_METHOD_MATCH = YES;
				"CODE_SIGN_IDENTITY[sdk=iphoneos*]" = "iPhone Developer";
				COPY_PHASE_STRIP = NO;
				DEBUG_INFORMATION_FORMAT = dwarf;
				ENABLE_STRICT_OBJC_MSGSEND = YES;
				ENABLE_TESTABILITY = YES;
				GCC_C_LANGUAGE_STANDARD = gnu99;
				GCC_DYNAMIC_NO_PIC = NO;
				GCC_NO_COMMON_BLOCKS = YES;
				GCC_OPTIMIZATION_LEVEL = 0;
				GCC_PREPROCESSOR_DEFINITIONS = (
					"DEBUG=1",
					"$(inherited)",
				);
				GCC_WARN_64_TO_32_BIT_CONVERSION = YES;
				GCC_WARN_ABOUT_RETURN_TYPE = YES_ERROR;
				GCC_WARN_UNDECLARED_SELECTOR = YES;
				GCC_WARN_UNINITIALIZED_AUTOS = YES_AGGRESSIVE;
				GCC_WARN_UNUSED_FUNCTION = YES;
				GCC_WARN_UNUSED_VARIABLE = YES;
				IPHONEOS_DEPLOYMENT_TARGET = 9.3;
				MTL_ENABLE_DEBUG_INFO = YES;
				ONLY_ACTIVE_ARCH = YES;
				SDKROOT = iphoneos;
				TARGETED_DEVICE_FAMILY = "1,2";
			};
			name = Debug;
		};
		2B4D8A1C1D1BF2EB002CED37 /* Release */ = {
			isa = XCBuildConfiguration;
			buildSettings = {
				ALWAYS_SEARCH_USER_PATHS = NO;
				CLANG_ANALYZER_NONNULL = YES;
				CLANG_CXX_LANGUAGE_STANDARD = "gnu++0x";
				CLANG_CXX_LIBRARY = "libc++";
				CLANG_ENABLE_MODULES = YES;
				CLANG_ENABLE_OBJC_ARC = YES;
				CLANG_WARN_BOOL_CONVERSION = YES;
				CLANG_WARN_CONSTANT_CONVERSION = YES;
				CLANG_WARN_DIRECT_OBJC_ISA_USAGE = YES_ERROR;
				CLANG_WARN_EMPTY_BODY = YES;
				CLANG_WARN_ENUM_CONVERSION = YES;
				CLANG_WARN_INFINITE_RECURSION = YES;
				CLANG_WARN_INT_CONVERSION = YES;
				CLANG_WARN_OBJC_ROOT_CLASS = YES_ERROR;
				CLANG_WARN_SUSPICIOUS_MOVE = YES;
				CLANG_WARN_UNREACHABLE_CODE = YES;
				CLANG_WARN__DUPLICATE_METHOD_MATCH = YES;
				"CODE_SIGN_IDENTITY[sdk=iphoneos*]" = "iPhone Developer";
				COPY_PHASE_STRIP = NO;
				DEBUG_INFORMATION_FORMAT = "dwarf-with-dsym";
				ENABLE_NS_ASSERTIONS = NO;
				ENABLE_STRICT_OBJC_MSGSEND = YES;
				GCC_C_LANGUAGE_STANDARD = gnu99;
				GCC_NO_COMMON_BLOCKS = YES;
				GCC_WARN_64_TO_32_BIT_CONVERSION = YES;
				GCC_WARN_ABOUT_RETURN_TYPE = YES_ERROR;
				GCC_WARN_UNDECLARED_SELECTOR = YES;
				GCC_WARN_UNINITIALIZED_AUTOS = YES_AGGRESSIVE;
				GCC_WARN_UNUSED_FUNCTION = YES;
				GCC_WARN_UNUSED_VARIABLE = YES;
				IPHONEOS_DEPLOYMENT_TARGET = 9.3;
				MTL_ENABLE_DEBUG_INFO = NO;
				SDKROOT = iphoneos;
				TARGETED_DEVICE_FAMILY = "1,2";
				VALIDATE_PRODUCT = YES;
			};
			name = Release;
		};
		2B4D8A1E1D1BF2EB002CED37 /* Debug */ = {
			isa = XCBuildConfiguration;
			buildSettings = {
				ASSETCATALOG_COMPILER_APPICON_NAME = AppIcon;
				DEVELOPMENT_TEAM = 4Q6DMCF59Z;
				INFOPLIST_FILE = HSCharts/Info.plist;
				IPHONEOS_DEPLOYMENT_TARGET = 8.0;
				LD_RUNPATH_SEARCH_PATHS = "$(inherited) @executable_path/Frameworks";
				PRODUCT_BUNDLE_IDENTIFIER = Durex.HSCharts;
				PRODUCT_NAME = "$(TARGET_NAME)";
			};
			name = Debug;
		};
		2B4D8A1F1D1BF2EB002CED37 /* Release */ = {
			isa = XCBuildConfiguration;
			buildSettings = {
				ASSETCATALOG_COMPILER_APPICON_NAME = AppIcon;
				DEVELOPMENT_TEAM = 4Q6DMCF59Z;
				INFOPLIST_FILE = HSCharts/Info.plist;
				IPHONEOS_DEPLOYMENT_TARGET = 8.0;
				LD_RUNPATH_SEARCH_PATHS = "$(inherited) @executable_path/Frameworks";
				PRODUCT_BUNDLE_IDENTIFIER = Durex.HSCharts;
				PRODUCT_NAME = "$(TARGET_NAME)";
			};
			name = Release;
		};
/* End XCBuildConfiguration section */

/* Begin XCConfigurationList section */
		2B4D8A071D1BF2EB002CED37 /* Build configuration list for PBXProject "HSCharts" */ = {
			isa = XCConfigurationList;
			buildConfigurations = (
				2B4D8A1B1D1BF2EB002CED37 /* Debug */,
				2B4D8A1C1D1BF2EB002CED37 /* Release */,
			);
			defaultConfigurationIsVisible = 0;
			defaultConfigurationName = Release;
		};
		2B4D8A1D1D1BF2EB002CED37 /* Build configuration list for PBXNativeTarget "HSCharts" */ = {
			isa = XCConfigurationList;
			buildConfigurations = (
				2B4D8A1E1D1BF2EB002CED37 /* Debug */,
				2B4D8A1F1D1BF2EB002CED37 /* Release */,
			);
			defaultConfigurationIsVisible = 0;
			defaultConfigurationName = Release;
		};
/* End XCConfigurationList section */
	};
	rootObject = 2B4D8A041D1BF2EB002CED37 /* Project object */;
}
