// !$*UTF8*$!
{
	archiveVersion = 1;
	classes = {
	};
	objectVersion = 46;
	objects = {

/* Begin PBXBuildFile section */
		2B0C0AE01D220BEE004ABEC0 /* CumSumLineView.m in Sources */ = {isa = PBXBuildFile; fileRef = 2B0C0ADF1D220BEE004ABEC0 /* CumSumLineView.m */; };
		2B4D8A111D1BF2EB002CED37 /* main.m in Sources */ = {isa = PBXBuildFile; fileRef = 2B4D8A101D1BF2EB002CED37 /* main.m */; };
		2B4D8A141D1BF2EB002CED37 /* AppDelegate.m in Sources */ = {isa = PBXBuildFile; fileRef = 2B4D8A131D1BF2EB002CED37 /* AppDelegate.m */; };
		2B4D8A161D1BF2EB002CED37 /* Assets.xcassets in Resources */ = {isa = PBXBuildFile; fileRef = 2B4D8A151D1BF2EB002CED37 /* Assets.xcassets */; };
		2B4D8A191D1BF2EB002CED37 /* LaunchScreen.storyboard in Resources */ = {isa = PBXBuildFile; fileRef = 2B4D8A171D1BF2EB002CED37 /* LaunchScreen.storyboard */; };
		2B4D8A351D1BF35F002CED37 /* CALayer+SawFrame.m in Sources */ = {isa = PBXBuildFile; fileRef = 2B4D8A281D1BF35F002CED37 /* CALayer+SawFrame.m */; };
		2B4D8A361D1BF35F002CED37 /* DrawMath.m in Sources */ = {isa = PBXBuildFile; fileRef = 2B4D8A2A1D1BF35F002CED37 /* DrawMath.m */; };
		2B4D8A3E1D1BF93E002CED37 /* RankBarView.m in Sources */ = {isa = PBXBuildFile; fileRef = 2B4D8A3D1D1BF93E002CED37 /* RankBarView.m */; };
		2B6077851DAF798A00945760 /* HollowFanView.m in Sources */ = {isa = PBXBuildFile; fileRef = 2B6077841DAF798A00945760 /* HollowFanView.m */; };
		2B61B0671D210018009D634D /* CrossLineView.m in Sources */ = {isa = PBXBuildFile; fileRef = 2B61B0661D210018009D634D /* CrossLineView.m */; };
		2B61B06A1D210B81009D634D /* CrossLineBottomData.txt in Resources */ = {isa = PBXBuildFile; fileRef = 2B61B0681D210B81009D634D /* CrossLineBottomData.txt */; };
		2B61B06B1D210B81009D634D /* CrossLineTopData.txt in Resources */ = {isa = PBXBuildFile; fileRef = 2B61B0691D210B81009D634D /* CrossLineTopData.txt */; };
		2B6CCF091DB0ACE200BFBF95 /* LineBrush.m in Sources */ = {isa = PBXBuildFile; fileRef = 2B6CCF081DB0ACE200BFBF95 /* LineBrush.m */; };
		2B6CCF0C1DB0AD0E00BFBF95 /* TextBrush.m in Sources */ = {isa = PBXBuildFile; fileRef = 2B6CCF0B1DB0AD0E00BFBF95 /* TextBrush.m */; };
		2B6CCF0F1DB0AD9F00BFBF95 /* BaseBrush.m in Sources */ = {isa = PBXBuildFile; fileRef = 2B6CCF0E1DB0AD9F00BFBF95 /* BaseBrush.m */; };
		2B6CCF121DB0C23E00BFBF95 /* GraphLizard.m in Sources */ = {isa = PBXBuildFile; fileRef = 2B6CCF111DB0C23E00BFBF95 /* GraphLizard.m */; };
		2B6CCF151DB0CEB400BFBF95 /* VirginLayer.m in Sources */ = {isa = PBXBuildFile; fileRef = 2B6CCF141DB0CEB400BFBF95 /* VirginLayer.m */; };
		2B6CCF211DB0D8E300BFBF95 /* BarShape.m in Sources */ = {isa = PBXBuildFile; fileRef = 2B6CCF181DB0D8E300BFBF95 /* BarShape.m */; };
		2B6CCF221DB0D8E300BFBF95 /* CALayer+GraDispose.m in Sources */ = {isa = PBXBuildFile; fileRef = 2B6CCF1A1DB0D8E300BFBF95 /* CALayer+GraDispose.m */; };
		2B6CCF231DB0D8E300BFBF95 /* GraphSpider.m in Sources */ = {isa = PBXBuildFile; fileRef = 2B6CCF1C1DB0D8E300BFBF95 /* GraphSpider.m */; };
		2B6CCF241DB0D8E300BFBF95 /* LineShape.m in Sources */ = {isa = PBXBuildFile; fileRef = 2B6CCF1E1DB0D8E300BFBF95 /* LineShape.m */; };
		2B6CCF251DB0D8E300BFBF95 /* RoundShape.m in Sources */ = {isa = PBXBuildFile; fileRef = 2B6CCF201DB0D8E300BFBF95 /* RoundShape.m */; };
		2B76BCB71D1D269A00639205 /* CumSumBarView.m in Sources */ = {isa = PBXBuildFile; fileRef = 2B76BCB61D1D269A00639205 /* CumSumBarView.m */; };
		2B78D3A81D3F1B220079C6D2 /* ListVC.m in Sources */ = {isa = PBXBuildFile; fileRef = 2B78D3A71D3F1B220079C6D2 /* ListVC.m */; };
		2BA447701DB4C55F005719E3 /* QueryView.m in Sources */ = {isa = PBXBuildFile; fileRef = 2BA4476F1DB4C55F005719E3 /* QueryView.m */; };
/* End PBXBuildFile section */

/* Begin PBXFileReference section */
		2B0C0ADE1D220BEE004ABEC0 /* CumSumLineView.h */ = {isa = PBXFileReference; fileEncoding = 4; lastKnownFileType = sourcecode.c.h; name = CumSumLineView.h; path = HSChart/CumSumLineView.h; sourceTree = "<group>"; };
		2B0C0ADF1D220BEE004ABEC0 /* CumSumLineView.m */ = {isa = PBXFileReference; fileEncoding = 4; lastKnownFileType = sourcecode.c.objc; name = CumSumLineView.m; path = HSChart/CumSumLineView.m; sourceTree = "<group>"; };
		2B4D8A0C1D1BF2EB002CED37 /* HSCharts.app */ = {isa = PBXFileReference; explicitFileType = wrapper.application; includeInIndex = 0; path = HSCharts.app; sourceTree = BUILT_PRODUCTS_DIR; };
		2B4D8A101D1BF2EB002CED37 /* main.m */ = {isa = PBXFileReference; lastKnownFileType = sourcecode.c.objc; path = main.m; sourceTree = "<group>"; };
		2B4D8A121D1BF2EB002CED37 /* AppDelegate.h */ = {isa = PBXFileReference; lastKnownFileType = sourcecode.c.h; path = AppDelegate.h; sourceTree = "<group>"; };
		2B4D8A131D1BF2EB002CED37 /* AppDelegate.m */ = {isa = PBXFileReference; lastKnownFileType = sourcecode.c.objc; path = AppDelegate.m; sourceTree = "<group>"; };
		2B4D8A151D1BF2EB002CED37 /* Assets.xcassets */ = {isa = PBXFileReference; lastKnownFileType = folder.assetcatalog; path = Assets.xcassets; sourceTree = "<group>"; };
		2B4D8A181D1BF2EB002CED37 /* Base */ = {isa = PBXFileReference; lastKnownFileType = file.storyboard; name = Base; path = Base.lproj/LaunchScreen.storyboard; sourceTree = "<group>"; };
		2B4D8A1A1D1BF2EB002CED37 /* Info.plist */ = {isa = PBXFileReference; lastKnownFileType = text.plist.xml; path = Info.plist; sourceTree = "<group>"; };
		2B4D8A271D1BF35F002CED37 /* CALayer+SawFrame.h */ = {isa = PBXFileReference; fileEncoding = 4; lastKnownFileType = sourcecode.c.h; name = "CALayer+SawFrame.h"; path = "HSGraph/CALayer+SawFrame.h"; sourceTree = "<group>"; };
		2B4D8A281D1BF35F002CED37 /* CALayer+SawFrame.m */ = {isa = PBXFileReference; fileEncoding = 4; lastKnownFileType = sourcecode.c.objc; name = "CALayer+SawFrame.m"; path = "HSGraph/CALayer+SawFrame.m"; sourceTree = "<group>"; };
		2B4D8A291D1BF35F002CED37 /* DrawMath.h */ = {isa = PBXFileReference; fileEncoding = 4; lastKnownFileType = sourcecode.c.h; name = DrawMath.h; path = HSGraph/DrawMath.h; sourceTree = "<group>"; };
		2B4D8A2A1D1BF35F002CED37 /* DrawMath.m */ = {isa = PBXFileReference; fileEncoding = 4; lastKnownFileType = sourcecode.c.objc; name = DrawMath.m; path = HSGraph/DrawMath.m; sourceTree = "<group>"; };
		2B4D8A311D1BF35F002CED37 /* SawGraph.h */ = {isa = PBXFileReference; fileEncoding = 4; lastKnownFileType = sourcecode.c.h; name = SawGraph.h; path = HSGraph/SawGraph.h; sourceTree = "<group>"; };
		2B4D8A3B1D1BF66B002CED37 /* Colors.h */ = {isa = PBXFileReference; lastKnownFileType = sourcecode.c.h; path = Colors.h; sourceTree = "<group>"; };
		2B4D8A3C1D1BF93E002CED37 /* RankBarView.h */ = {isa = PBXFileReference; fileEncoding = 4; lastKnownFileType = sourcecode.c.h; name = RankBarView.h; path = HSChart/RankBarView.h; sourceTree = "<group>"; };
		2B4D8A3D1D1BF93E002CED37 /* RankBarView.m */ = {isa = PBXFileReference; fileEncoding = 4; lastKnownFileType = sourcecode.c.objc; name = RankBarView.m; path = HSChart/RankBarView.m; sourceTree = "<group>"; };
		2B6077831DAF798A00945760 /* HollowFanView.h */ = {isa = PBXFileReference; fileEncoding = 4; lastKnownFileType = sourcecode.c.h; name = HollowFanView.h; path = HSChart/HollowFanView.h; sourceTree = "<group>"; };
		2B6077841DAF798A00945760 /* HollowFanView.m */ = {isa = PBXFileReference; fileEncoding = 4; lastKnownFileType = sourcecode.c.objc; name = HollowFanView.m; path = HSChart/HollowFanView.m; sourceTree = "<group>"; };
		2B61B0651D210018009D634D /* CrossLineView.h */ = {isa = PBXFileReference; fileEncoding = 4; lastKnownFileType = sourcecode.c.h; name = CrossLineView.h; path = HSChart/CrossLineView.h; sourceTree = "<group>"; };
		2B61B0661D210018009D634D /* CrossLineView.m */ = {isa = PBXFileReference; fileEncoding = 4; lastKnownFileType = sourcecode.c.objc; name = CrossLineView.m; path = HSChart/CrossLineView.m; sourceTree = "<group>"; };
		2B61B0681D210B81009D634D /* CrossLineBottomData.txt */ = {isa = PBXFileReference; fileEncoding = 4; lastKnownFileType = text; path = CrossLineBottomData.txt; sourceTree = "<group>"; };
		2B61B0691D210B81009D634D /* CrossLineTopData.txt */ = {isa = PBXFileReference; fileEncoding = 4; lastKnownFileType = text; path = CrossLineTopData.txt; sourceTree = "<group>"; };
		2B6CCF071DB0ACE200BFBF95 /* LineBrush.h */ = {isa = PBXFileReference; fileEncoding = 4; lastKnownFileType = sourcecode.c.h; name = LineBrush.h; path = HSGraph/PixelDrawer/LineBrush.h; sourceTree = "<group>"; };
		2B6CCF081DB0ACE200BFBF95 /* LineBrush.m */ = {isa = PBXFileReference; fileEncoding = 4; lastKnownFileType = sourcecode.c.objc; name = LineBrush.m; path = HSGraph/PixelDrawer/LineBrush.m; sourceTree = "<group>"; };
		2B6CCF0A1DB0AD0E00BFBF95 /* TextBrush.h */ = {isa = PBXFileReference; fileEncoding = 4; lastKnownFileType = sourcecode.c.h; name = TextBrush.h; path = HSGraph/PixelDrawer/TextBrush.h; sourceTree = "<group>"; };
		2B6CCF0B1DB0AD0E00BFBF95 /* TextBrush.m */ = {isa = PBXFileReference; fileEncoding = 4; lastKnownFileType = sourcecode.c.objc; name = TextBrush.m; path = HSGraph/PixelDrawer/TextBrush.m; sourceTree = "<group>"; };
		2B6CCF0D1DB0AD9F00BFBF95 /* BaseBrush.h */ = {isa = PBXFileReference; fileEncoding = 4; lastKnownFileType = sourcecode.c.h; name = BaseBrush.h; path = HSGraph/PixelDrawer/BaseBrush.h; sourceTree = "<group>"; };
		2B6CCF0E1DB0AD9F00BFBF95 /* BaseBrush.m */ = {isa = PBXFileReference; fileEncoding = 4; lastKnownFileType = sourcecode.c.objc; name = BaseBrush.m; path = HSGraph/PixelDrawer/BaseBrush.m; sourceTree = "<group>"; };
		2B6CCF101DB0C23E00BFBF95 /* GraphLizard.h */ = {isa = PBXFileReference; fileEncoding = 4; lastKnownFileType = sourcecode.c.h; name = GraphLizard.h; path = HSGraph/PixelDrawer/GraphLizard.h; sourceTree = "<group>"; };
		2B6CCF111DB0C23E00BFBF95 /* GraphLizard.m */ = {isa = PBXFileReference; fileEncoding = 4; lastKnownFileType = sourcecode.c.objc; name = GraphLizard.m; path = HSGraph/PixelDrawer/GraphLizard.m; sourceTree = "<group>"; };
		2B6CCF131DB0CEB400BFBF95 /* VirginLayer.h */ = {isa = PBXFileReference; fileEncoding = 4; lastKnownFileType = sourcecode.c.h; name = VirginLayer.h; path = HSGraph/PixelDrawer/VirginLayer.h; sourceTree = "<group>"; };
		2B6CCF141DB0CEB400BFBF95 /* VirginLayer.m */ = {isa = PBXFileReference; fileEncoding = 4; lastKnownFileType = sourcecode.c.objc; name = VirginLayer.m; path = HSGraph/PixelDrawer/VirginLayer.m; sourceTree = "<group>"; };
		2B6CCF171DB0D8E300BFBF95 /* BarShape.h */ = {isa = PBXFileReference; fileEncoding = 4; lastKnownFileType = sourcecode.c.h; path = BarShape.h; sourceTree = "<group>"; };
		2B6CCF181DB0D8E300BFBF95 /* BarShape.m */ = {isa = PBXFileReference; fileEncoding = 4; lastKnownFileType = sourcecode.c.objc; path = BarShape.m; sourceTree = "<group>"; };
		2B6CCF191DB0D8E300BFBF95 /* CALayer+GraDispose.h */ = {isa = PBXFileReference; fileEncoding = 4; lastKnownFileType = sourcecode.c.h; path = "CALayer+GraDispose.h"; sourceTree = "<group>"; };
		2B6CCF1A1DB0D8E300BFBF95 /* CALayer+GraDispose.m */ = {isa = PBXFileReference; fileEncoding = 4; lastKnownFileType = sourcecode.c.objc; path = "CALayer+GraDispose.m"; sourceTree = "<group>"; };
		2B6CCF1B1DB0D8E300BFBF95 /* GraphSpider.h */ = {isa = PBXFileReference; fileEncoding = 4; lastKnownFileType = sourcecode.c.h; path = GraphSpider.h; sourceTree = "<group>"; };
		2B6CCF1C1DB0D8E300BFBF95 /* GraphSpider.m */ = {isa = PBXFileReference; fileEncoding = 4; lastKnownFileType = sourcecode.c.objc; path = GraphSpider.m; sourceTree = "<group>"; };
		2B6CCF1D1DB0D8E300BFBF95 /* LineShape.h */ = {isa = PBXFileReference; fileEncoding = 4; lastKnownFileType = sourcecode.c.h; path = LineShape.h; sourceTree = "<group>"; };
		2B6CCF1E1DB0D8E300BFBF95 /* LineShape.m */ = {isa = PBXFileReference; fileEncoding = 4; lastKnownFileType = sourcecode.c.objc; path = LineShape.m; sourceTree = "<group>"; };
		2B6CCF1F1DB0D8E300BFBF95 /* RoundShape.h */ = {isa = PBXFileReference; fileEncoding = 4; lastKnownFileType = sourcecode.c.h; path = RoundShape.h; sourceTree = "<group>"; };
		2B6CCF201DB0D8E300BFBF95 /* RoundShape.m */ = {isa = PBXFileReference; fileEncoding = 4; lastKnownFileType = sourcecode.c.objc; path = RoundShape.m; sourceTree = "<group>"; };
		2B76BCB51D1D269A00639205 /* CumSumBarView.h */ = {isa = PBXFileReference; fileEncoding = 4; lastKnownFileType = sourcecode.c.h; name = CumSumBarView.h; path = HSChart/CumSumBarView.h; sourceTree = "<group>"; };
		2B76BCB61D1D269A00639205 /* CumSumBarView.m */ = {isa = PBXFileReference; fileEncoding = 4; lastKnownFileType = sourcecode.c.objc; name = CumSumBarView.m; path = HSChart/CumSumBarView.m; sourceTree = "<group>"; };
		2B78D3A61D3F1B220079C6D2 /* ListVC.h */ = {isa = PBXFileReference; fileEncoding = 4; lastKnownFileType = sourcecode.c.h; path = ListVC.h; sourceTree = "<group>"; };
		2B78D3A71D3F1B220079C6D2 /* ListVC.m */ = {isa = PBXFileReference; fileEncoding = 4; lastKnownFileType = sourcecode.c.objc; path = ListVC.m; sourceTree = "<group>"; };
		2BA4476E1DB4C55F005719E3 /* QueryView.h */ = {isa = PBXFileReference; fileEncoding = 4; lastKnownFileType = sourcecode.c.h; name = QueryView.h; path = HSChart/QueryView.h; sourceTree = "<group>"; };
		2BA4476F1DB4C55F005719E3 /* QueryView.m */ = {isa = PBXFileReference; fileEncoding = 4; lastKnownFileType = sourcecode.c.objc; name = QueryView.m; path = HSChart/QueryView.m; sourceTree = "<group>"; };
/* End PBXFileReference section */

/* Begin PBXFrameworksBuildPhase section */
		2B4D8A091D1BF2EB002CED37 /* Frameworks */ = {
			isa = PBXFrameworksBuildPhase;
			buildActionMask = 2147483647;
			files = (
			);
			runOnlyForDeploymentPostprocessing = 0;
		};
/* End PBXFrameworksBuildPhase section */

/* Begin PBXGroup section */
		2B4D8A031D1BF2EB002CED37 = {
			isa = PBXGroup;
			children = (
				2B4D8A3A1D1BF57F002CED37 /* HSChart */,
				2B4D8A201D1BF33E002CED37 /* HSGraph */,
				2B4D8A0E1D1BF2EB002CED37 /* HSCharts */,
				2B4D8A0D1D1BF2EB002CED37 /* Products */,
			);
			sourceTree = "<group>";
		};
		2B4D8A0D1D1BF2EB002CED37 /* Products */ = {
			isa = PBXGroup;
			children = (
				2B4D8A0C1D1BF2EB002CED37 /* HSCharts.app */,
			);
			name = Products;
			sourceTree = "<group>";
		};
		2B4D8A0E1D1BF2EB002CED37 /* HSCharts */ = {
			isa = PBXGroup;
			children = (
				2B4D8A121D1BF2EB002CED37 /* AppDelegate.h */,
				2B4D8A131D1BF2EB002CED37 /* AppDelegate.m */,
				2B78D3A61D3F1B220079C6D2 /* ListVC.h */,
				2B78D3A71D3F1B220079C6D2 /* ListVC.m */,
				2B4D8A151D1BF2EB002CED37 /* Assets.xcassets */,
				2B4D8A171D1BF2EB002CED37 /* LaunchScreen.storyboard */,
				2B4D8A1A1D1BF2EB002CED37 /* Info.plist */,
				2B4D8A0F1D1BF2EB002CED37 /* Supporting Files */,
			);
			path = HSCharts;
			sourceTree = "<group>";
		};
		2B4D8A0F1D1BF2EB002CED37 /* Supporting Files */ = {
			isa = PBXGroup;
			children = (
				2B61B0691D210B81009D634D /* CrossLineTopData.txt */,
				2B61B0681D210B81009D634D /* CrossLineBottomData.txt */,
				2B4D8A101D1BF2EB002CED37 /* main.m */,
			);
			name = "Supporting Files";
			sourceTree = "<group>";
		};
		2B4D8A201D1BF33E002CED37 /* HSGraph */ = {
			isa = PBXGroup;
			children = (
				2B6CCF161DB0D8E300BFBF95 /* DataDrawer */,
				2B6CCF061DB0AC4E00BFBF95 /* PixelDrawer */,
				2B4D8A311D1BF35F002CED37 /* SawGraph.h */,
				2B4D8A271D1BF35F002CED37 /* CALayer+SawFrame.h */,
				2B4D8A281D1BF35F002CED37 /* CALayer+SawFrame.m */,
				2B4D8A291D1BF35F002CED37 /* DrawMath.h */,
				2B4D8A2A1D1BF35F002CED37 /* DrawMath.m */,
			);
			name = HSGraph;
			sourceTree = "<group>";
		};
		2B4D8A3A1D1BF57F002CED37 /* HSChart */ = {
			isa = PBXGroup;
			children = (
				2B4D8A3B1D1BF66B002CED37 /* Colors.h */,
				2BA4476E1DB4C55F005719E3 /* QueryView.h */,
				2BA4476F1DB4C55F005719E3 /* QueryView.m */,
				2B4D8A3C1D1BF93E002CED37 /* RankBarView.h */,
				2B4D8A3D1D1BF93E002CED37 /* RankBarView.m */,
				2B76BCB51D1D269A00639205 /* CumSumBarView.h */,
				2B76BCB61D1D269A00639205 /* CumSumBarView.m */,
				2B61B0651D210018009D634D /* CrossLineView.h */,
				2B61B0661D210018009D634D /* CrossLineView.m */,
				2B0C0ADE1D220BEE004ABEC0 /* CumSumLineView.h */,
				2B0C0ADF1D220BEE004ABEC0 /* CumSumLineView.m */,
				2B6077831DAF798A00945760 /* HollowFanView.h */,
				2B6077841DAF798A00945760 /* HollowFanView.m */,
			);
			name = HSChart;
			sourceTree = "<group>";
		};
		2B6CCF061DB0AC4E00BFBF95 /* PixelDrawer */ = {
			isa = PBXGroup;
			children = (
				2B6CCF071DB0ACE200BFBF95 /* LineBrush.h */,
				2B6CCF081DB0ACE200BFBF95 /* LineBrush.m */,
				2B6CCF0A1DB0AD0E00BFBF95 /* TextBrush.h */,
				2B6CCF0B1DB0AD0E00BFBF95 /* TextBrush.m */,
				2B6CCF0D1DB0AD9F00BFBF95 /* BaseBrush.h */,
				2B6CCF0E1DB0AD9F00BFBF95 /* BaseBrush.m */,
				2B6CCF101DB0C23E00BFBF95 /* GraphLizard.h */,
				2B6CCF111DB0C23E00BFBF95 /* GraphLizard.m */,
				2B6CCF131DB0CEB400BFBF95 /* VirginLayer.h */,
				2B6CCF141DB0CEB400BFBF95 /* VirginLayer.m */,
			);
			name = PixelDrawer;
			sourceTree = "<group>";
		};
		2B6CCF161DB0D8E300BFBF95 /* DataDrawer */ = {
			isa = PBXGroup;
			children = (
				2B6CCF171DB0D8E300BFBF95 /* BarShape.h */,
				2B6CCF181DB0D8E300BFBF95 /* BarShape.m */,
				2B6CCF191DB0D8E300BFBF95 /* CALayer+GraDispose.h */,
				2B6CCF1A1DB0D8E300BFBF95 /* CALayer+GraDispose.m */,
				2B6CCF1B1DB0D8E300BFBF95 /* GraphSpider.h */,
				2B6CCF1C1DB0D8E300BFBF95 /* GraphSpider.m */,
				2B6CCF1D1DB0D8E300BFBF95 /* LineShape.h */,
				2B6CCF1E1DB0D8E300BFBF95 /* LineShape.m */,
				2B6CCF1F1DB0D8E300BFBF95 /* RoundShape.h */,
				2B6CCF201DB0D8E300BFBF95 /* RoundShape.m */,
			);
			name = DataDrawer;
			path = HSGraph/DataDrawer;
			sourceTree = "<group>";
		};
/* End PBXGroup section */

/* Begin PBXNativeTarget section */
		2B4D8A0B1D1BF2EB002CED37 /* HSCharts */ = {
			isa = PBXNativeTarget;
			buildConfigurationList = 2B4D8A1D1D1BF2EB002CED37 /* Build configuration list for PBXNativeTarget "HSCharts" */;
			buildPhases = (
				2B4D8A081D1BF2EB002CED37 /* Sources */,
				2B4D8A091D1BF2EB002CED37 /* Frameworks */,
				2B4D8A0A1D1BF2EB002CED37 /* Resources */,
			);
			buildRules = (
			);
			dependencies = (
			);
			name = HSCharts;
			productName = HSCharts;
			productReference = 2B4D8A0C1D1BF2EB002CED37 /* HSCharts.app */;
			productType = "com.apple.product-type.application";
		};
/* End PBXNativeTarget section */

/* Begin PBXProject section */
		2B4D8A041D1BF2EB002CED37 /* Project object */ = {
			isa = PBXProject;
			attributes = {
				LastUpgradeCheck = 0800;
				ORGANIZATIONNAME = "I really is a farmer";
				TargetAttributes = {
					2B4D8A0B1D1BF2EB002CED37 = {
						CreatedOnToolsVersion = 7.3;
					};
				};
			};
			buildConfigurationList = 2B4D8A071D1BF2EB002CED37 /* Build configuration list for PBXProject "HSCharts" */;
			compatibilityVersion = "Xcode 3.2";
			developmentRegion = English;
			hasScannedForEncodings = 0;
			knownRegions = (
				en,
				Base,
			);
			mainGroup = 2B4D8A031D1BF2EB002CED37;
			productRefGroup = 2B4D8A0D1D1BF2EB002CED37 /* Products */;
			projectDirPath = "";
			projectRoot = "";
			targets = (
				2B4D8A0B1D1BF2EB002CED37 /* HSCharts */,
			);
		};
/* End PBXProject section */

/* Begin PBXResourcesBuildPhase section */
		2B4D8A0A1D1BF2EB002CED37 /* Resources */ = {
			isa = PBXResourcesBuildPhase;
			buildActionMask = 2147483647;
			files = (
				2B61B06A1D210B81009D634D /* CrossLineBottomData.txt in Resources */,
				2B61B06B1D210B81009D634D /* CrossLineTopData.txt in Resources */,
				2B4D8A161D1BF2EB002CED37 /* Assets.xcassets in Resources */,
				2B4D8A191D1BF2EB002CED37 /* LaunchScreen.storyboard in Resources */,
			);
			runOnlyForDeploymentPostprocessing = 0;
		};
/* End PBXResourcesBuildPhase section */

/* Begin PBXSourcesBuildPhase section */
		2B4D8A081D1BF2EB002CED37 /* Sources */ = {
			isa = PBXSourcesBuildPhase;
			buildActionMask = 2147483647;
			files = (
				2B6CCF0F1DB0AD9F00BFBF95 /* BaseBrush.m in Sources */,
				2B6CCF151DB0CEB400BFBF95 /* VirginLayer.m in Sources */,
				2B4D8A361D1BF35F002CED37 /* DrawMath.m in Sources */,
				2B6CCF231DB0D8E300BFBF95 /* GraphSpider.m in Sources */,
				2B0C0AE01D220BEE004ABEC0 /* CumSumLineView.m in Sources */,
				2B6077851DAF798A00945760 /* HollowFanView.m in Sources */,
				2B6CCF211DB0D8E300BFBF95 /* BarShape.m in Sources */,
				2B61B0671D210018009D634D /* CrossLineView.m in Sources */,
				2B6CCF251DB0D8E300BFBF95 /* RoundShape.m in Sources */,
				2B6CCF0C1DB0AD0E00BFBF95 /* TextBrush.m in Sources */,
				2BA447701DB4C55F005719E3 /* QueryView.m in Sources */,
				2B6CCF091DB0ACE200BFBF95 /* LineBrush.m in Sources */,
				2B4D8A351D1BF35F002CED37 /* CALayer+SawFrame.m in Sources */,
				2B6CCF121DB0C23E00BFBF95 /* GraphLizard.m in Sources */,
				2B76BCB71D1D269A00639205 /* CumSumBarView.m in Sources */,
				2B78D3A81D3F1B220079C6D2 /* ListVC.m in Sources */,
				2B4D8A141D1BF2EB002CED37 /* AppDelegate.m in Sources */,
				2B6CCF221DB0D8E300BFBF95 /* CALayer+GraDispose.m in Sources */,
				2B4D8A111D1BF2EB002CED37 /* main.m in Sources */,
				2B6CCF241DB0D8E300BFBF95 /* LineShape.m in Sources */,
				2B4D8A3E1D1BF93E002CED37 /* RankBarView.m in Sources */,
			);
			runOnlyForDeploymentPostprocessing = 0;
		};
/* End PBXSourcesBuildPhase section */

/* Begin PBXVariantGroup section */
		2B4D8A171D1BF2EB002CED37 /* LaunchScreen.storyboard */ = {
			isa = PBXVariantGroup;
			children = (
				2B4D8A181D1BF2EB002CED37 /* Base */,
			);
			name = LaunchScreen.storyboard;
			sourceTree = "<group>";
		};
/* End PBXVariantGroup section */

/* Begin XCBuildConfiguration section */
		2B4D8A1B1D1BF2EB002CED37 /* Debug */ = {
			isa = XCBuildConfiguration;
			buildSettings = {
				ALWAYS_SEARCH_USER_PATHS = NO;
				CLANG_ANALYZER_NONNULL = YES;
				CLANG_CXX_LANGUAGE_STANDARD = "gnu++0x";
				CLANG_CXX_LIBRARY = "libc++";
				CLANG_ENABLE_MODULES = YES;
				CLANG_ENABLE_OBJC_ARC = YES;
				CLANG_WARN_BOOL_CONVERSION = YES;
				CLANG_WARN_CONSTANT_CONVERSION = YES;
				CLANG_WARN_DIRECT_OBJC_ISA_USAGE = YES_ERROR;
				CLANG_WARN_EMPTY_BODY = YES;
				CLANG_WARN_ENUM_CONVERSION = YES;
				CLANG_WARN_INFINITE_RECURSION = YES;
				CLANG_WARN_INT_CONVERSION = YES;
				CLANG_WARN_OBJC_ROOT_CLASS = YES_ERROR;
				CLANG_WARN_SUSPICIOUS_MOVE = YES;
				CLANG_WARN_UNREACHABLE_CODE = YES;
				CLANG_WARN__DUPLICATE_METHOD_MATCH = YES;
				"CODE_SIGN_IDENTITY[sdk=iphoneos*]" = "iPhone Developer";
				COPY_PHASE_STRIP = NO;
				DEBUG_INFORMATION_FORMAT = dwarf;
				ENABLE_STRICT_OBJC_MSGSEND = YES;
				ENABLE_TESTABILITY = YES;
				GCC_C_LANGUAGE_STANDARD = gnu99;
				GCC_DYNAMIC_NO_PIC = NO;
				GCC_NO_COMMON_BLOCKS = YES;
				GCC_OPTIMIZATION_LEVEL = 0;
				GCC_PREPROCESSOR_DEFINITIONS = (
					"DEBUG=1",
					"$(inherited)",
				);
				GCC_WARN_64_TO_32_BIT_CONVERSION = YES;
				GCC_WARN_ABOUT_RETURN_TYPE = YES_ERROR;
				GCC_WARN_UNDECLARED_SELECTOR = YES;
				GCC_WARN_UNINITIALIZED_AUTOS = YES_AGGRESSIVE;
				GCC_WARN_UNUSED_FUNCTION = YES;
				GCC_WARN_UNUSED_VARIABLE = YES;
				IPHONEOS_DEPLOYMENT_TARGET = 9.3;
				MTL_ENABLE_DEBUG_INFO = YES;
				ONLY_ACTIVE_ARCH = YES;
				SDKROOT = iphoneos;
				TARGETED_DEVICE_FAMILY = "1,2";
			};
			name = Debug;
		};
		2B4D8A1C1D1BF2EB002CED37 /* Release */ = {
			isa = XCBuildConfiguration;
			buildSettings = {
				ALWAYS_SEARCH_USER_PATHS = NO;
				CLANG_ANALYZER_NONNULL = YES;
				CLANG_CXX_LANGUAGE_STANDARD = "gnu++0x";
				CLANG_CXX_LIBRARY = "libc++";
				CLANG_ENABLE_MODULES = YES;
				CLANG_ENABLE_OBJC_ARC = YES;
				CLANG_WARN_BOOL_CONVERSION = YES;
				CLANG_WARN_CONSTANT_CONVERSION = YES;
				CLANG_WARN_DIRECT_OBJC_ISA_USAGE = YES_ERROR;
				CLANG_WARN_EMPTY_BODY = YES;
				CLANG_WARN_ENUM_CONVERSION = YES;
				CLANG_WARN_INFINITE_RECURSION = YES;
				CLANG_WARN_INT_CONVERSION = YES;
				CLANG_WARN_OBJC_ROOT_CLASS = YES_ERROR;
				CLANG_WARN_SUSPICIOUS_MOVE = YES;
				CLANG_WARN_UNREACHABLE_CODE = YES;
				CLANG_WARN__DUPLICATE_METHOD_MATCH = YES;
				"CODE_SIGN_IDENTITY[sdk=iphoneos*]" = "iPhone Developer";
				COPY_PHASE_STRIP = NO;
				DEBUG_INFORMATION_FORMAT = "dwarf-with-dsym";
				ENABLE_NS_ASSERTIONS = NO;
				ENABLE_STRICT_OBJC_MSGSEND = YES;
				GCC_C_LANGUAGE_STANDARD = gnu99;
				GCC_NO_COMMON_BLOCKS = YES;
				GCC_WARN_64_TO_32_BIT_CONVERSION = YES;
				GCC_WARN_ABOUT_RETURN_TYPE = YES_ERROR;
				GCC_WARN_UNDECLARED_SELECTOR = YES;
				GCC_WARN_UNINITIALIZED_AUTOS = YES_AGGRESSIVE;
				GCC_WARN_UNUSED_FUNCTION = YES;
				GCC_WARN_UNUSED_VARIABLE = YES;
				IPHONEOS_DEPLOYMENT_TARGET = 9.3;
				MTL_ENABLE_DEBUG_INFO = NO;
				SDKROOT = iphoneos;
				TARGETED_DEVICE_FAMILY = "1,2";
				VALIDATE_PRODUCT = YES;
			};
			name = Release;
		};
		2B4D8A1E1D1BF2EB002CED37 /* Debug */ = {
			isa = XCBuildConfiguration;
			buildSettings = {
				ASSETCATALOG_COMPILER_APPICON_NAME = AppIcon;
				INFOPLIST_FILE = HSCharts/Info.plist;
				IPHONEOS_DEPLOYMENT_TARGET = 8.0;
				LD_RUNPATH_SEARCH_PATHS = "$(inherited) @executable_path/Frameworks";
				PRODUCT_BUNDLE_IDENTIFIER = Durex.HSCharts;
				PRODUCT_NAME = "$(TARGET_NAME)";
			};
			name = Debug;
		};
		2B4D8A1F1D1BF2EB002CED37 /* Release */ = {
			isa = XCBuildConfiguration;
			buildSettings = {
				ASSETCATALOG_COMPILER_APPICON_NAME = AppIcon;
				INFOPLIST_FILE = HSCharts/Info.plist;
				IPHONEOS_DEPLOYMENT_TARGET = 8.0;
				LD_RUNPATH_SEARCH_PATHS = "$(inherited) @executable_path/Frameworks";
				PRODUCT_BUNDLE_IDENTIFIER = Durex.HSCharts;
				PRODUCT_NAME = "$(TARGET_NAME)";
			};
			name = Release;
		};
/* End XCBuildConfiguration section */

/* Begin XCConfigurationList section */
		2B4D8A071D1BF2EB002CED37 /* Build configuration list for PBXProject "HSCharts" */ = {
			isa = XCConfigurationList;
			buildConfigurations = (
				2B4D8A1B1D1BF2EB002CED37 /* Debug */,
				2B4D8A1C1D1BF2EB002CED37 /* Release */,
			);
			defaultConfigurationIsVisible = 0;
			defaultConfigurationName = Release;
		};
		2B4D8A1D1D1BF2EB002CED37 /* Build configuration list for PBXNativeTarget "HSCharts" */ = {
			isa = XCConfigurationList;
			buildConfigurations = (
				2B4D8A1E1D1BF2EB002CED37 /* Debug */,
				2B4D8A1F1D1BF2EB002CED37 /* Release */,
			);
			defaultConfigurationIsVisible = 0;
			defaultConfigurationName = Release;
		};
/* End XCConfigurationList section */
	};
	rootObject = 2B4D8A041D1BF2EB002CED37 /* Project object */;
}
